
Microsoft Visual Studio Solution File, Format Version 12.00
# Visual Studio Version 17
VisualStudioVersion = 17.6.33829.357
MinimumVisualStudioVersion = 10.0.40219.1
Project("{FAE04EC0-301F-11D3-BF4B-00C04F79EFBC}") = "SinterConfigGUI", "AspenSinterGUI\SinterConfigGUI.csproj", "{13F22696-ED37-4498-9C69-C6A13AA1F8CB}"
EndProject
Project("{B7DD6F7E-DEF8-4E67-B5B7-07EF123DB6F0}") = "CCSIUnitsInstaller", "CCSIUnitsInstaller\CCSIUnitsInstaller.wixproj", "{C31A9DA6-4648-4658-A3D5-0210FEF90645}"
	ProjectSection(ProjectDependencies) = postProject
		{9C401C39-FE2D-4D9F-B085-24591DEFE125} = {9C401C39-FE2D-4D9F-B085-24591DEFE125}
		{0E8BE5CE-936E-4EF5-AE48-26CAFB2858B7} = {0E8BE5CE-936E-4EF5-AE48-26CAFB2858B7}
	EndProjectSection
EndProject
Project("{FAE04EC0-301F-11D3-BF4B-00C04F79EFBC}") = "ConsoleSinter", "ConsoleSinter\ConsoleSinter.csproj", "{0EDC0943-2D54-40AB-AC08-2CDE0C354D98}"
EndProject
Project("{FAE04EC0-301F-11D3-BF4B-00C04F79EFBC}") = "CSVConsoleSinter", "CSVConsoleSinter\CSVConsoleSinter.csproj", "{892CA0B4-ACEF-4787-A1E7-10A37AE1516F}"
EndProject
Project("{FAE04EC0-301F-11D3-BF4B-00C04F79EFBC}") = "CSVFileRW", "CSVFileRW\CSVFileRW.csproj", "{505655F1-6D5F-42C9-AE67-127B3534846E}"
EndProject
Project("{B7DD6F7E-DEF8-4E67-B5B7-07EF123DB6F0}") = "SimSinterInstaller", "SimSinterInstaller\SimSinterInstaller.wixproj", "{144A2052-E759-4217-B58D-DF95340E1763}"
	ProjectSection(ProjectDependencies) = postProject
		{9C401C39-FE2D-4D9F-B085-24591DEFE125} = {9C401C39-FE2D-4D9F-B085-24591DEFE125}
		{880D7E3D-F089-442D-88C0-FD21E9A94FF2} = {880D7E3D-F089-442D-88C0-FD21E9A94FF2}
		{0EDC0943-2D54-40AB-AC08-2CDE0C354D98} = {0EDC0943-2D54-40AB-AC08-2CDE0C354D98}
		{7AA14B52-B1B5-4B84-A884-48F0E6710AC4} = {7AA14B52-B1B5-4B84-A884-48F0E6710AC4}
		{13F22696-ED37-4498-9C69-C6A13AA1F8CB} = {13F22696-ED37-4498-9C69-C6A13AA1F8CB}
		{5D744A9E-5ACD-4FCC-910A-7E3D5640F284} = {5D744A9E-5ACD-4FCC-910A-7E3D5640F284}
		{892CA0B4-ACEF-4787-A1E7-10A37AE1516F} = {892CA0B4-ACEF-4787-A1E7-10A37AE1516F}
		{0E8BE5CE-936E-4EF5-AE48-26CAFB2858B7} = {0E8BE5CE-936E-4EF5-AE48-26CAFB2858B7}
		{91A832D4-F4D3-463A-AE9B-86EA66A7E94A} = {91A832D4-F4D3-463A-AE9B-86EA66A7E94A}
		{505655F1-6D5F-42C9-AE67-127B3534846E} = {505655F1-6D5F-42C9-AE67-127B3534846E}
	EndProjectSection
EndProject
Project("{FAE04EC0-301F-11D3-BF4B-00C04F79EFBC}") = "SinterRegressionTests", "SinterRegressionTests\SinterRegressionTests.csproj", "{880D7E3D-F089-442D-88C0-FD21E9A94FF2}"
EndProject
Project("{FAE04EC0-301F-11D3-BF4B-00C04F79EFBC}") = "VariableTree", "VariableTree\VariableTree.csproj", "{91A832D4-F4D3-463A-AE9B-86EA66A7E94A}"
EndProject
Project("{FAE04EC0-301F-11D3-BF4B-00C04F79EFBC}") = "Sinter", "Sinter\Sinter.csproj", "{7AA14B52-B1B5-4B84-A884-48F0E6710AC4}"
	ProjectSection(ProjectDependencies) = postProject
		{9C401C39-FE2D-4D9F-B085-24591DEFE125} = {9C401C39-FE2D-4D9F-B085-24591DEFE125}
	EndProjectSection
EndProject
Project("{8BC9CEB8-8B4A-11D0-8D11-00A0C91BC942}") = "UC2", "UC2\UC2.vcxproj", "{9C401C39-FE2D-4D9F-B085-24591DEFE125}"
EndProject
Project("{8BC9CEB8-8B4A-11D0-8D11-00A0C91BC942}") = "UC2PS", "UC2\UC2PS.vcxproj", "{0E8BE5CE-936E-4EF5-AE48-26CAFB2858B7}"
EndProject
Project("{FAE04EC0-301F-11D3-BF4B-00C04F79EFBC}") = "DefaultBuilder", "DefaultBuilder\DefaultBuilder.csproj", "{5D744A9E-5ACD-4FCC-910A-7E3D5640F284}"
EndProject
Project("{FAE04EC0-301F-11D3-BF4B-00C04F79EFBC}") = "DataGrid2DLibrary", "DataGrid2DLibrary\DataGrid2DLibrary.csproj", "{7D76D9E7-AF25-4AA5-995B-E1A526F192EA}"
EndProject
Global
	GlobalSection(SolutionConfigurationPlatforms) = preSolution
		Debug|Any CPU = Debug|Any CPU
		Debug|ARM64 = Debug|ARM64
		Debug|Mixed Platforms = Debug|Mixed Platforms
		Debug|Win32 = Debug|Win32
		Debug|x86 = Debug|x86
		Release|Any CPU = Release|Any CPU
		Release|ARM64 = Release|ARM64
		Release|Mixed Platforms = Release|Mixed Platforms
		Release|Win32 = Release|Win32
		Release|x86 = Release|x86
	EndGlobalSection
	GlobalSection(ProjectConfigurationPlatforms) = postSolution
		{13F22696-ED37-4498-9C69-C6A13AA1F8CB}.Debug|Any CPU.ActiveCfg = Debug|x86
		{13F22696-ED37-4498-9C69-C6A13AA1F8CB}.Debug|ARM64.ActiveCfg = Debug|x86
		{13F22696-ED37-4498-9C69-C6A13AA1F8CB}.Debug|ARM64.Build.0 = Debug|x86
		{13F22696-ED37-4498-9C69-C6A13AA1F8CB}.Debug|Mixed Platforms.ActiveCfg = Debug|x86
		{13F22696-ED37-4498-9C69-C6A13AA1F8CB}.Debug|Mixed Platforms.Build.0 = Debug|x86
		{13F22696-ED37-4498-9C69-C6A13AA1F8CB}.Debug|Win32.ActiveCfg = Debug|x86
		{13F22696-ED37-4498-9C69-C6A13AA1F8CB}.Debug|Win32.Build.0 = Debug|x86
		{13F22696-ED37-4498-9C69-C6A13AA1F8CB}.Debug|x86.ActiveCfg = Debug|x86
		{13F22696-ED37-4498-9C69-C6A13AA1F8CB}.Debug|x86.Build.0 = Debug|x86
		{13F22696-ED37-4498-9C69-C6A13AA1F8CB}.Release|Any CPU.ActiveCfg = Release|x86
		{13F22696-ED37-4498-9C69-C6A13AA1F8CB}.Release|ARM64.ActiveCfg = Release|x86
		{13F22696-ED37-4498-9C69-C6A13AA1F8CB}.Release|ARM64.Build.0 = Release|x86
		{13F22696-ED37-4498-9C69-C6A13AA1F8CB}.Release|Mixed Platforms.ActiveCfg = Release|x86
		{13F22696-ED37-4498-9C69-C6A13AA1F8CB}.Release|Mixed Platforms.Build.0 = Release|x86
		{13F22696-ED37-4498-9C69-C6A13AA1F8CB}.Release|Win32.ActiveCfg = Release|x86
		{13F22696-ED37-4498-9C69-C6A13AA1F8CB}.Release|Win32.Build.0 = Release|x86
		{13F22696-ED37-4498-9C69-C6A13AA1F8CB}.Release|x86.ActiveCfg = Release|x86
		{13F22696-ED37-4498-9C69-C6A13AA1F8CB}.Release|x86.Build.0 = Release|x86
		{C31A9DA6-4648-4658-A3D5-0210FEF90645}.Debug|Any CPU.ActiveCfg = Debug|x86
		{C31A9DA6-4648-4658-A3D5-0210FEF90645}.Debug|ARM64.ActiveCfg = Debug|ARM64
		{C31A9DA6-4648-4658-A3D5-0210FEF90645}.Debug|ARM64.Build.0 = Debug|ARM64
		{C31A9DA6-4648-4658-A3D5-0210FEF90645}.Debug|Mixed Platforms.ActiveCfg = Debug|x86
		{C31A9DA6-4648-4658-A3D5-0210FEF90645}.Debug|Mixed Platforms.Build.0 = Debug|x86
		{C31A9DA6-4648-4658-A3D5-0210FEF90645}.Debug|Win32.ActiveCfg = Debug|x86
		{C31A9DA6-4648-4658-A3D5-0210FEF90645}.Debug|Win32.Build.0 = Debug|x86
		{C31A9DA6-4648-4658-A3D5-0210FEF90645}.Debug|x86.ActiveCfg = Debug|x86
		{C31A9DA6-4648-4658-A3D5-0210FEF90645}.Debug|x86.Build.0 = Debug|x86
		{C31A9DA6-4648-4658-A3D5-0210FEF90645}.Release|Any CPU.ActiveCfg = Release|x86
		{C31A9DA6-4648-4658-A3D5-0210FEF90645}.Release|ARM64.ActiveCfg = Release|ARM64
		{C31A9DA6-4648-4658-A3D5-0210FEF90645}.Release|ARM64.Build.0 = Release|ARM64
		{C31A9DA6-4648-4658-A3D5-0210FEF90645}.Release|Mixed Platforms.ActiveCfg = Release|x86
		{C31A9DA6-4648-4658-A3D5-0210FEF90645}.Release|Mixed Platforms.Build.0 = Release|x86
		{C31A9DA6-4648-4658-A3D5-0210FEF90645}.Release|Win32.ActiveCfg = Release|x86
		{C31A9DA6-4648-4658-A3D5-0210FEF90645}.Release|Win32.Build.0 = Release|x86
		{C31A9DA6-4648-4658-A3D5-0210FEF90645}.Release|x86.ActiveCfg = Release|x86
		{C31A9DA6-4648-4658-A3D5-0210FEF90645}.Release|x86.Build.0 = Release|x86
		{0EDC0943-2D54-40AB-AC08-2CDE0C354D98}.Debug|Any CPU.ActiveCfg = Debug|x86
		{0EDC0943-2D54-40AB-AC08-2CDE0C354D98}.Debug|ARM64.ActiveCfg = Debug|x86
		{0EDC0943-2D54-40AB-AC08-2CDE0C354D98}.Debug|ARM64.Build.0 = Debug|x86
		{0EDC0943-2D54-40AB-AC08-2CDE0C354D98}.Debug|Mixed Platforms.ActiveCfg = Debug|x86
		{0EDC0943-2D54-40AB-AC08-2CDE0C354D98}.Debug|Mixed Platforms.Build.0 = Debug|x86
		{0EDC0943-2D54-40AB-AC08-2CDE0C354D98}.Debug|Win32.ActiveCfg = Debug|x86
		{0EDC0943-2D54-40AB-AC08-2CDE0C354D98}.Debug|Win32.Build.0 = Debug|x86
		{0EDC0943-2D54-40AB-AC08-2CDE0C354D98}.Debug|x86.ActiveCfg = Debug|x86
		{0EDC0943-2D54-40AB-AC08-2CDE0C354D98}.Debug|x86.Build.0 = Debug|x86
		{0EDC0943-2D54-40AB-AC08-2CDE0C354D98}.Release|Any CPU.ActiveCfg = Release|x86
		{0EDC0943-2D54-40AB-AC08-2CDE0C354D98}.Release|ARM64.ActiveCfg = Release|x86
		{0EDC0943-2D54-40AB-AC08-2CDE0C354D98}.Release|ARM64.Build.0 = Release|x86
		{0EDC0943-2D54-40AB-AC08-2CDE0C354D98}.Release|Mixed Platforms.ActiveCfg = Release|x86
		{0EDC0943-2D54-40AB-AC08-2CDE0C354D98}.Release|Mixed Platforms.Build.0 = Release|x86
		{0EDC0943-2D54-40AB-AC08-2CDE0C354D98}.Release|Win32.ActiveCfg = Release|x86
		{0EDC0943-2D54-40AB-AC08-2CDE0C354D98}.Release|Win32.Build.0 = Release|x86
		{0EDC0943-2D54-40AB-AC08-2CDE0C354D98}.Release|x86.ActiveCfg = Release|x86
		{0EDC0943-2D54-40AB-AC08-2CDE0C354D98}.Release|x86.Build.0 = Release|x86
		{892CA0B4-ACEF-4787-A1E7-10A37AE1516F}.Debug|Any CPU.ActiveCfg = Debug|x86
		{892CA0B4-ACEF-4787-A1E7-10A37AE1516F}.Debug|ARM64.ActiveCfg = Debug|x86
		{892CA0B4-ACEF-4787-A1E7-10A37AE1516F}.Debug|ARM64.Build.0 = Debug|x86
		{892CA0B4-ACEF-4787-A1E7-10A37AE1516F}.Debug|Mixed Platforms.ActiveCfg = Debug|x86
		{892CA0B4-ACEF-4787-A1E7-10A37AE1516F}.Debug|Mixed Platforms.Build.0 = Debug|x86
		{892CA0B4-ACEF-4787-A1E7-10A37AE1516F}.Debug|Win32.ActiveCfg = Debug|x86
		{892CA0B4-ACEF-4787-A1E7-10A37AE1516F}.Debug|Win32.Build.0 = Debug|x86
		{892CA0B4-ACEF-4787-A1E7-10A37AE1516F}.Debug|x86.ActiveCfg = Debug|x86
		{892CA0B4-ACEF-4787-A1E7-10A37AE1516F}.Debug|x86.Build.0 = Debug|x86
		{892CA0B4-ACEF-4787-A1E7-10A37AE1516F}.Release|Any CPU.ActiveCfg = Release|x86
		{892CA0B4-ACEF-4787-A1E7-10A37AE1516F}.Release|ARM64.ActiveCfg = Release|x86
		{892CA0B4-ACEF-4787-A1E7-10A37AE1516F}.Release|ARM64.Build.0 = Release|x86
		{892CA0B4-ACEF-4787-A1E7-10A37AE1516F}.Release|Mixed Platforms.ActiveCfg = Release|x86
		{892CA0B4-ACEF-4787-A1E7-10A37AE1516F}.Release|Mixed Platforms.Build.0 = Release|x86
		{892CA0B4-ACEF-4787-A1E7-10A37AE1516F}.Release|Win32.ActiveCfg = Release|x86
		{892CA0B4-ACEF-4787-A1E7-10A37AE1516F}.Release|Win32.Build.0 = Release|x86
		{892CA0B4-ACEF-4787-A1E7-10A37AE1516F}.Release|x86.ActiveCfg = Release|x86
		{892CA0B4-ACEF-4787-A1E7-10A37AE1516F}.Release|x86.Build.0 = Release|x86
		{505655F1-6D5F-42C9-AE67-127B3534846E}.Debug|Any CPU.ActiveCfg = Debug|Any CPU
		{505655F1-6D5F-42C9-AE67-127B3534846E}.Debug|Any CPU.Build.0 = Debug|Any CPU
		{505655F1-6D5F-42C9-AE67-127B3534846E}.Debug|ARM64.ActiveCfg = Debug|Any CPU
		{505655F1-6D5F-42C9-AE67-127B3534846E}.Debug|ARM64.Build.0 = Debug|Any CPU
		{505655F1-6D5F-42C9-AE67-127B3534846E}.Debug|Mixed Platforms.ActiveCfg = Debug|Any CPU
		{505655F1-6D5F-42C9-AE67-127B3534846E}.Debug|Mixed Platforms.Build.0 = Debug|Any CPU
		{505655F1-6D5F-42C9-AE67-127B3534846E}.Debug|Win32.ActiveCfg = Debug|Any CPU
		{505655F1-6D5F-42C9-AE67-127B3534846E}.Debug|x86.ActiveCfg = Debug|Any CPU
		{505655F1-6D5F-42C9-AE67-127B3534846E}.Release|Any CPU.ActiveCfg = Release|Any CPU
		{505655F1-6D5F-42C9-AE67-127B3534846E}.Release|Any CPU.Build.0 = Release|Any CPU
		{505655F1-6D5F-42C9-AE67-127B3534846E}.Release|ARM64.ActiveCfg = Release|Any CPU
		{505655F1-6D5F-42C9-AE67-127B3534846E}.Release|ARM64.Build.0 = Release|Any CPU
		{505655F1-6D5F-42C9-AE67-127B3534846E}.Release|Mixed Platforms.ActiveCfg = Release|Any CPU
		{505655F1-6D5F-42C9-AE67-127B3534846E}.Release|Mixed Platforms.Build.0 = Release|Any CPU
		{505655F1-6D5F-42C9-AE67-127B3534846E}.Release|Win32.ActiveCfg = Release|Any CPU
		{505655F1-6D5F-42C9-AE67-127B3534846E}.Release|x86.ActiveCfg = Release|Any CPU
		{144A2052-E759-4217-B58D-DF95340E1763}.Debug|Any CPU.ActiveCfg = Debug|x86
		{144A2052-E759-4217-B58D-DF95340E1763}.Debug|ARM64.ActiveCfg = Debug|ARM64
		{144A2052-E759-4217-B58D-DF95340E1763}.Debug|ARM64.Build.0 = Debug|ARM64
		{144A2052-E759-4217-B58D-DF95340E1763}.Debug|Mixed Platforms.ActiveCfg = Debug|x86
		{144A2052-E759-4217-B58D-DF95340E1763}.Debug|Mixed Platforms.Build.0 = Debug|x86
		{144A2052-E759-4217-B58D-DF95340E1763}.Debug|Win32.ActiveCfg = Debug|x86
		{144A2052-E759-4217-B58D-DF95340E1763}.Debug|Win32.Build.0 = Debug|x86
		{144A2052-E759-4217-B58D-DF95340E1763}.Debug|x86.ActiveCfg = Debug|x86
		{144A2052-E759-4217-B58D-DF95340E1763}.Debug|x86.Build.0 = Debug|x86
		{144A2052-E759-4217-B58D-DF95340E1763}.Release|Any CPU.ActiveCfg = Release|x86
		{144A2052-E759-4217-B58D-DF95340E1763}.Release|ARM64.ActiveCfg = Release|ARM64
		{144A2052-E759-4217-B58D-DF95340E1763}.Release|ARM64.Build.0 = Release|ARM64
		{144A2052-E759-4217-B58D-DF95340E1763}.Release|Mixed Platforms.ActiveCfg = Release|x86
		{144A2052-E759-4217-B58D-DF95340E1763}.Release|Mixed Platforms.Build.0 = Release|x86
		{144A2052-E759-4217-B58D-DF95340E1763}.Release|Win32.ActiveCfg = Release|x86
		{144A2052-E759-4217-B58D-DF95340E1763}.Release|Win32.Build.0 = Release|x86
		{144A2052-E759-4217-B58D-DF95340E1763}.Release|x86.ActiveCfg = Release|x86
		{144A2052-E759-4217-B58D-DF95340E1763}.Release|x86.Build.0 = Release|x86
		{880D7E3D-F089-442D-88C0-FD21E9A94FF2}.Debug|Any CPU.ActiveCfg = Debug|Any CPU
		{880D7E3D-F089-442D-88C0-FD21E9A94FF2}.Debug|Any CPU.Build.0 = Debug|Any CPU
		{880D7E3D-F089-442D-88C0-FD21E9A94FF2}.Debug|ARM64.ActiveCfg = Debug|Any CPU
		{880D7E3D-F089-442D-88C0-FD21E9A94FF2}.Debug|ARM64.Build.0 = Debug|Any CPU
		{880D7E3D-F089-442D-88C0-FD21E9A94FF2}.Debug|Mixed Platforms.ActiveCfg = Debug|Any CPU
		{880D7E3D-F089-442D-88C0-FD21E9A94FF2}.Debug|Mixed Platforms.Build.0 = Debug|Any CPU
		{880D7E3D-F089-442D-88C0-FD21E9A94FF2}.Debug|Win32.ActiveCfg = Debug|Any CPU
		{880D7E3D-F089-442D-88C0-FD21E9A94FF2}.Debug|x86.ActiveCfg = Debug|Any CPU
		{880D7E3D-F089-442D-88C0-FD21E9A94FF2}.Release|Any CPU.ActiveCfg = Release|Any CPU
		{880D7E3D-F089-442D-88C0-FD21E9A94FF2}.Release|Any CPU.Build.0 = Release|Any CPU
		{880D7E3D-F089-442D-88C0-FD21E9A94FF2}.Release|ARM64.ActiveCfg = Release|Any CPU
		{880D7E3D-F089-442D-88C0-FD21E9A94FF2}.Release|ARM64.Build.0 = Release|Any CPU
		{880D7E3D-F089-442D-88C0-FD21E9A94FF2}.Release|Mixed Platforms.ActiveCfg = Release|Any CPU
		{880D7E3D-F089-442D-88C0-FD21E9A94FF2}.Release|Mixed Platforms.Build.0 = Release|Any CPU
		{880D7E3D-F089-442D-88C0-FD21E9A94FF2}.Release|Win32.ActiveCfg = Release|Any CPU
		{880D7E3D-F089-442D-88C0-FD21E9A94FF2}.Release|x86.ActiveCfg = Release|Any CPU
		{91A832D4-F4D3-463A-AE9B-86EA66A7E94A}.Debug|Any CPU.ActiveCfg = Debug|Any CPU
		{91A832D4-F4D3-463A-AE9B-86EA66A7E94A}.Debug|Any CPU.Build.0 = Debug|Any CPU
		{91A832D4-F4D3-463A-AE9B-86EA66A7E94A}.Debug|ARM64.ActiveCfg = Debug|Any CPU
		{91A832D4-F4D3-463A-AE9B-86EA66A7E94A}.Debug|ARM64.Build.0 = Debug|Any CPU
		{91A832D4-F4D3-463A-AE9B-86EA66A7E94A}.Debug|Mixed Platforms.ActiveCfg = Debug|Any CPU
		{91A832D4-F4D3-463A-AE9B-86EA66A7E94A}.Debug|Mixed Platforms.Build.0 = Debug|Any CPU
		{91A832D4-F4D3-463A-AE9B-86EA66A7E94A}.Debug|Win32.ActiveCfg = Debug|Any CPU
		{91A832D4-F4D3-463A-AE9B-86EA66A7E94A}.Debug|x86.ActiveCfg = Debug|Any CPU
		{91A832D4-F4D3-463A-AE9B-86EA66A7E94A}.Release|Any CPU.ActiveCfg = Release|Any CPU
		{91A832D4-F4D3-463A-AE9B-86EA66A7E94A}.Release|Any CPU.Build.0 = Release|Any CPU
		{91A832D4-F4D3-463A-AE9B-86EA66A7E94A}.Release|ARM64.ActiveCfg = Release|Any CPU
		{91A832D4-F4D3-463A-AE9B-86EA66A7E94A}.Release|ARM64.Build.0 = Release|Any CPU
		{91A832D4-F4D3-463A-AE9B-86EA66A7E94A}.Release|Mixed Platforms.ActiveCfg = Release|Any CPU
		{91A832D4-F4D3-463A-AE9B-86EA66A7E94A}.Release|Mixed Platforms.Build.0 = Release|Any CPU
		{91A832D4-F4D3-463A-AE9B-86EA66A7E94A}.Release|Win32.ActiveCfg = Release|Any CPU
		{91A832D4-F4D3-463A-AE9B-86EA66A7E94A}.Release|x86.ActiveCfg = Release|Any CPU
		{7AA14B52-B1B5-4B84-A884-48F0E6710AC4}.Debug|Any CPU.ActiveCfg = Debug|Any CPU
		{7AA14B52-B1B5-4B84-A884-48F0E6710AC4}.Debug|Any CPU.Build.0 = Debug|Any CPU
		{7AA14B52-B1B5-4B84-A884-48F0E6710AC4}.Debug|ARM64.ActiveCfg = Debug|Any CPU
		{7AA14B52-B1B5-4B84-A884-48F0E6710AC4}.Debug|ARM64.Build.0 = Debug|Any CPU
		{7AA14B52-B1B5-4B84-A884-48F0E6710AC4}.Debug|Mixed Platforms.ActiveCfg = Debug|Any CPU
		{7AA14B52-B1B5-4B84-A884-48F0E6710AC4}.Debug|Mixed Platforms.Build.0 = Debug|Any CPU
		{7AA14B52-B1B5-4B84-A884-48F0E6710AC4}.Debug|Win32.ActiveCfg = Debug|Any CPU
		{7AA14B52-B1B5-4B84-A884-48F0E6710AC4}.Debug|x86.ActiveCfg = Debug|Any CPU
		{7AA14B52-B1B5-4B84-A884-48F0E6710AC4}.Release|Any CPU.ActiveCfg = Release|Any CPU
		{7AA14B52-B1B5-4B84-A884-48F0E6710AC4}.Release|Any CPU.Build.0 = Release|Any CPU
		{7AA14B52-B1B5-4B84-A884-48F0E6710AC4}.Release|ARM64.ActiveCfg = Release|Any CPU
		{7AA14B52-B1B5-4B84-A884-48F0E6710AC4}.Release|ARM64.Build.0 = Release|Any CPU
		{7AA14B52-B1B5-4B84-A884-48F0E6710AC4}.Release|Mixed Platforms.ActiveCfg = Release|Any CPU
		{7AA14B52-B1B5-4B84-A884-48F0E6710AC4}.Release|Mixed Platforms.Build.0 = Release|Any CPU
		{7AA14B52-B1B5-4B84-A884-48F0E6710AC4}.Release|Win32.ActiveCfg = Release|Any CPU
		{7AA14B52-B1B5-4B84-A884-48F0E6710AC4}.Release|x86.ActiveCfg = Release|Any CPU
		{9C401C39-FE2D-4D9F-B085-24591DEFE125}.Debug|Any CPU.ActiveCfg = Debug|Win32
		{9C401C39-FE2D-4D9F-B085-24591DEFE125}.Debug|ARM64.ActiveCfg = Debug|ARM64
		{9C401C39-FE2D-4D9F-B085-24591DEFE125}.Debug|ARM64.Build.0 = Debug|ARM64
		{9C401C39-FE2D-4D9F-B085-24591DEFE125}.Debug|Mixed Platforms.ActiveCfg = Debug|Win32
		{9C401C39-FE2D-4D9F-B085-24591DEFE125}.Debug|Mixed Platforms.Build.0 = Debug|Win32
		{9C401C39-FE2D-4D9F-B085-24591DEFE125}.Debug|Win32.ActiveCfg = Debug|Win32
		{9C401C39-FE2D-4D9F-B085-24591DEFE125}.Debug|Win32.Build.0 = Debug|Win32
		{9C401C39-FE2D-4D9F-B085-24591DEFE125}.Debug|x86.ActiveCfg = Debug|Win32
		{9C401C39-FE2D-4D9F-B085-24591DEFE125}.Debug|x86.Build.0 = Debug|Win32
		{9C401C39-FE2D-4D9F-B085-24591DEFE125}.Release|Any CPU.ActiveCfg = Release|Win32
		{9C401C39-FE2D-4D9F-B085-24591DEFE125}.Release|ARM64.ActiveCfg = Release|ARM64
		{9C401C39-FE2D-4D9F-B085-24591DEFE125}.Release|ARM64.Build.0 = Release|ARM64
		{9C401C39-FE2D-4D9F-B085-24591DEFE125}.Release|Mixed Platforms.ActiveCfg = Release|Win32
		{9C401C39-FE2D-4D9F-B085-24591DEFE125}.Release|Mixed Platforms.Build.0 = Release|Win32
		{9C401C39-FE2D-4D9F-B085-24591DEFE125}.Release|Win32.ActiveCfg = Release|Win32
		{9C401C39-FE2D-4D9F-B085-24591DEFE125}.Release|Win32.Build.0 = Release|Win32
		{9C401C39-FE2D-4D9F-B085-24591DEFE125}.Release|x86.ActiveCfg = Release|Win32
		{9C401C39-FE2D-4D9F-B085-24591DEFE125}.Release|x86.Build.0 = Release|Win32
		{0E8BE5CE-936E-4EF5-AE48-26CAFB2858B7}.Debug|Any CPU.ActiveCfg = Debug|Win32
		{0E8BE5CE-936E-4EF5-AE48-26CAFB2858B7}.Debug|ARM64.ActiveCfg = Debug|ARM64
		{0E8BE5CE-936E-4EF5-AE48-26CAFB2858B7}.Debug|ARM64.Build.0 = Debug|ARM64
		{0E8BE5CE-936E-4EF5-AE48-26CAFB2858B7}.Debug|Mixed Platforms.ActiveCfg = Debug|Win32
		{0E8BE5CE-936E-4EF5-AE48-26CAFB2858B7}.Debug|Mixed Platforms.Build.0 = Debug|Win32
		{0E8BE5CE-936E-4EF5-AE48-26CAFB2858B7}.Debug|Win32.ActiveCfg = Debug|Win32
		{0E8BE5CE-936E-4EF5-AE48-26CAFB2858B7}.Debug|Win32.Build.0 = Debug|Win32
		{0E8BE5CE-936E-4EF5-AE48-26CAFB2858B7}.Debug|x86.ActiveCfg = Debug|Win32
		{0E8BE5CE-936E-4EF5-AE48-26CAFB2858B7}.Debug|x86.Build.0 = Debug|Win32
		{0E8BE5CE-936E-4EF5-AE48-26CAFB2858B7}.Release|Any CPU.ActiveCfg = Release|Win32
		{0E8BE5CE-936E-4EF5-AE48-26CAFB2858B7}.Release|ARM64.ActiveCfg = Release|Win32
		{0E8BE5CE-936E-4EF5-AE48-26CAFB2858B7}.Release|ARM64.Build.0 = Release|Win32
		{0E8BE5CE-936E-4EF5-AE48-26CAFB2858B7}.Release|Mixed Platforms.ActiveCfg = Release|Win32
		{0E8BE5CE-936E-4EF5-AE48-26CAFB2858B7}.Release|Mixed Platforms.Build.0 = Release|Win32
		{0E8BE5CE-936E-4EF5-AE48-26CAFB2858B7}.Release|Win32.ActiveCfg = Release|Win32
		{0E8BE5CE-936E-4EF5-AE48-26CAFB2858B7}.Release|Win32.Build.0 = Release|Win32
		{0E8BE5CE-936E-4EF5-AE48-26CAFB2858B7}.Release|x86.ActiveCfg = Release|Win32
		{0E8BE5CE-936E-4EF5-AE48-26CAFB2858B7}.Release|x86.Build.0 = Release|Win32
		{5D744A9E-5ACD-4FCC-910A-7E3D5640F284}.Debug|Any CPU.ActiveCfg = Debug|x86
		{5D744A9E-5ACD-4FCC-910A-7E3D5640F284}.Debug|ARM64.ActiveCfg = Debug|x86
		{5D744A9E-5ACD-4FCC-910A-7E3D5640F284}.Debug|ARM64.Build.0 = Debug|x86
		{5D744A9E-5ACD-4FCC-910A-7E3D5640F284}.Debug|Mixed Platforms.ActiveCfg = Debug|x86
		{5D744A9E-5ACD-4FCC-910A-7E3D5640F284}.Debug|Mixed Platforms.Build.0 = Debug|x86
		{5D744A9E-5ACD-4FCC-910A-7E3D5640F284}.Debug|Win32.ActiveCfg = Debug|x86
		{5D744A9E-5ACD-4FCC-910A-7E3D5640F284}.Debug|Win32.Build.0 = Debug|x86
		{5D744A9E-5ACD-4FCC-910A-7E3D5640F284}.Debug|x86.ActiveCfg = Debug|x86
		{5D744A9E-5ACD-4FCC-910A-7E3D5640F284}.Debug|x86.Build.0 = Debug|x86
		{5D744A9E-5ACD-4FCC-910A-7E3D5640F284}.Release|Any CPU.ActiveCfg = Release|x86
		{5D744A9E-5ACD-4FCC-910A-7E3D5640F284}.Release|ARM64.ActiveCfg = Release|x86
		{5D744A9E-5ACD-4FCC-910A-7E3D5640F284}.Release|ARM64.Build.0 = Release|x86
		{5D744A9E-5ACD-4FCC-910A-7E3D5640F284}.Release|Mixed Platforms.ActiveCfg = Release|x86
		{5D744A9E-5ACD-4FCC-910A-7E3D5640F284}.Release|Mixed Platforms.Build.0 = Release|x86
		{5D744A9E-5ACD-4FCC-910A-7E3D5640F284}.Release|Win32.ActiveCfg = Release|x86
		{5D744A9E-5ACD-4FCC-910A-7E3D5640F284}.Release|Win32.Build.0 = Release|x86
		{5D744A9E-5ACD-4FCC-910A-7E3D5640F284}.Release|x86.ActiveCfg = Release|x86
		{5D744A9E-5ACD-4FCC-910A-7E3D5640F284}.Release|x86.Build.0 = Release|x86
		{7D76D9E7-AF25-4AA5-995B-E1A526F192EA}.Debug|Any CPU.ActiveCfg = Debug|Any CPU
		{7D76D9E7-AF25-4AA5-995B-E1A526F192EA}.Debug|Any CPU.Build.0 = Debug|Any CPU
		{7D76D9E7-AF25-4AA5-995B-E1A526F192EA}.Debug|ARM64.ActiveCfg = Debug|Any CPU
		{7D76D9E7-AF25-4AA5-995B-E1A526F192EA}.Debug|ARM64.Build.0 = Debug|Any CPU
		{7D76D9E7-AF25-4AA5-995B-E1A526F192EA}.Debug|Mixed Platforms.ActiveCfg = Debug|Any CPU
		{7D76D9E7-AF25-4AA5-995B-E1A526F192EA}.Debug|Mixed Platforms.Build.0 = Debug|Any CPU
		{7D76D9E7-AF25-4AA5-995B-E1A526F192EA}.Debug|Win32.ActiveCfg = Debug|Any CPU
		{7D76D9E7-AF25-4AA5-995B-E1A526F192EA}.Debug|x86.ActiveCfg = Debug|Any CPU
		{7D76D9E7-AF25-4AA5-995B-E1A526F192EA}.Release|Any CPU.ActiveCfg = Release|Any CPU
		{7D76D9E7-AF25-4AA5-995B-E1A526F192EA}.Release|Any CPU.Build.0 = Release|Any CPU
		{7D76D9E7-AF25-4AA5-995B-E1A526F192EA}.Release|ARM64.ActiveCfg = Release|Any CPU
		{7D76D9E7-AF25-4AA5-995B-E1A526F192EA}.Release|ARM64.Build.0 = Release|Any CPU
		{7D76D9E7-AF25-4AA5-995B-E1A526F192EA}.Release|Mixed Platforms.ActiveCfg = Release|Any CPU
		{7D76D9E7-AF25-4AA5-995B-E1A526F192EA}.Release|Mixed Platforms.Build.0 = Release|Any CPU
		{7D76D9E7-AF25-4AA5-995B-E1A526F192EA}.Release|Win32.ActiveCfg = Release|Any CPU
		{7D76D9E7-AF25-4AA5-995B-E1A526F192EA}.Release|x86.ActiveCfg = Release|Any CPU
	EndGlobalSection
	GlobalSection(SolutionProperties) = preSolution
		HideSolutionNode = FALSE
	EndGlobalSection
	GlobalSection(ExtensibilityGlobals) = postSolution
		SolutionGuid = {76B7181A-DB02-4B2F-82A5-F24BAD2599C9}
	EndGlobalSection
EndGlobal
